<?xml version="1.0" encoding="utf-8"?>
<Project ToolsVersion="4.0" xmlns="http://schemas.microsoft.com/developer/msbuild/2003">
  <ItemGroup>
    <Filter Include="Source Files">
      <UniqueIdentifier>{61a455a5-648e-43ff-9267-dd47459caf12}</UniqueIdentifier>
      <Extensions>cpp;c;cxx;rc;def;r;odl;idl;hpj;bat;for;f90</Extensions>
    </Filter>
    <Filter Include="Header Files">
      <UniqueIdentifier>{f6e03dc7-433c-44df-b6c0-b2bf02b4a498}</UniqueIdentifier>
      <Extensions>h;hpp;hxx;hm;inl;fi;fd</Extensions>
    </Filter>
    <Filter Include="Resource Files">
      <UniqueIdentifier>{8ab6aa7b-e360-4083-93f3-2f567f296d41}</UniqueIdentifier>
      <Extensions>ico;cur;bmp;dlg;rc2;rct;bin;cnt;rtf;gif;jpg;jpeg;jpe</Extensions>
    </Filter>
  </ItemGroup>
  <ItemGroup>
    <ClCompile Include="ChildFrm.cpp">
      <Filter>Source Files</Filter>
    </ClCompile>
    <ClCompile Include="MainFrm.cpp">
      <Filter>Source Files</Filter>
    </ClCompile>
    <ClCompile Include="myResourceClass.cpp">
      <Filter>Source Files</Filter>
    </ClCompile>
    <ClCompile Include="parsing.cpp">
      <Filter>Source Files</Filter>
    </ClCompile>
    <ClCompile Include="retrieval.cpp">
      <Filter>Source Files</Filter>
    </ClCompile>
    <ClCompile Include="StdAfx.cpp">
      <Filter>Source Files</Filter>
    </ClCompile>
    <ClCompile Include="taggingPOS.cpp">
      <Filter>Source Files</Filter>
    </ClCompile>
    <ClCompile Include="WordTagSet.cpp">
      <Filter>Source Files</Filter>
    </ClCompile>
    <ClCompile Include="现代汉语自动分析.cpp">
      <Filter>Source Files</Filter>
    </ClCompile>
    <ClCompile Include="现代汉语自动分析Doc.cpp">
      <Filter>Source Files</Filter>
    </ClCompile>
    <ClCompile Include="现代汉语自动分析View.cpp">
      <Filter>Source Files</Filter>
    </ClCompile>
  </ItemGroup>
  <ItemGroup>
    <Text Include="ReadMe.txt">
      <Filter>Source Files</Filter>
    </Text>
  </ItemGroup>
  <ItemGroup>
    <ResourceCompile Include="现代汉语自动分析.rc">
      <Filter>Source Files</Filter>
    </ResourceCompile>
  </ItemGroup>
  <ItemGroup>
    <ClInclude Include="ChildFrm.h">
      <Filter>Header Files</Filter>
    </ClInclude>
    <ClInclude Include="MainFrm.h">
      <Filter>Header Files</Filter>
    </ClInclude>
    <ClInclude Include="myResourceClass.h">
      <Filter>Header Files</Filter>
    </ClInclude>
    <ClInclude Include="parsing.h">
      <Filter>Header Files</Filter>
    </ClInclude>
    <ClInclude Include="resource.h">
      <Filter>Header Files</Filter>
    </ClInclude>
    <ClInclude Include="retrieval.h">
      <Filter>Header Files</Filter>
    </ClInclude>
    <ClInclude Include="StdAfx.h">
      <Filter>Header Files</Filter>
    </ClInclude>
    <ClInclude Include="taggingPOS.h">
      <Filter>Header Files</Filter>
    </ClInclude>
    <ClInclude Include="WordTagSet.h">
      <Filter>Header Files</Filter>
    </ClInclude>
    <ClInclude Include="现代汉语自动分析.h">
      <Filter>Header Files</Filter>
    </ClInclude>
    <ClInclude Include="现代汉语自动分析Doc.h">
      <Filter>Header Files</Filter>
    </ClInclude>
    <ClInclude Include="现代汉语自动分析View.h">
      <Filter>Header Files</Filter>
    </ClInclude>
  </ItemGroup>
  <ItemGroup>
    <Image Include="res\现代汉语自动分析.ico">
      <Filter>Resource Files</Filter>
    </Image>
    <Image Include="res\现代汉语自动分析Doc.ico">
      <Filter>Resource Files</Filter>
    </Image>
  </ItemGroup>
</Project>